
Microsoft Visual Studio Solution File, Format Version 12.00
# Visual Studio Version 16
VisualStudioVersion = 16.0.31005.135
MinimumVisualStudioVersion = 10.0.40219.1
Project("{FAE04EC0-301F-11D3-BF4B-00C04F79EFBC}") = "Hackaton_team3", "Hackaton_team3\Hackaton_team3.csproj", "{26C15BD0-A5EC-4968-90F6-7F20FF2714B8}"
EndProject
Project("{9A19103F-16F7-4668-BE54-9A1E7A4F7556}") = "Hackaton_team3.Tests", "Hackaton_team3Tests\Hackaton_team3.Tests.csproj", "{B9B69DF6-1BA7-47B1-B3C3-2115C9B228C9}"
EndProject
Project("{9A19103F-16F7-4668-BE54-9A1E7A4F7556}") = "ProgramCore", "ProgramCore\ProgramCore.csproj", "{27AACC91-E442-466D-BC10-13F3A19831F5}"
EndProject
Project("{FAE04EC0-301F-11D3-BF4B-00C04F79EFBC}") = "ProgramCore.Test", "ProgramCore.Test\ProgramCore.Test.csproj", "{34A78AC4-CD96-4C91-B832-0BA40A9DC3AE}"
EndProject
Global
	GlobalSection(SolutionConfigurationPlatforms) = preSolution
		Debug|Any CPU = Debug|Any CPU
		Release|Any CPU = Release|Any CPU
	EndGlobalSection
	GlobalSection(ProjectConfigurationPlatforms) = postSolution
		{26C15BD0-A5EC-4968-90F6-7F20FF2714B8}.Debug|Any CPU.ActiveCfg = Debug|Any CPU
		{26C15BD0-A5EC-4968-90F6-7F20FF2714B8}.Debug|Any CPU.Build.0 = Debug|Any CPU
		{26C15BD0-A5EC-4968-90F6-7F20FF2714B8}.Release|Any CPU.ActiveCfg = Release|Any CPU
		{26C15BD0-A5EC-4968-90F6-7F20FF2714B8}.Release|Any CPU.Build.0 = Release|Any CPU
		{B9B69DF6-1BA7-47B1-B3C3-2115C9B228C9}.Debug|Any CPU.ActiveCfg = Debug|Any CPU
		{B9B69DF6-1BA7-47B1-B3C3-2115C9B228C9}.Debug|Any CPU.Build.0 = Debug|Any CPU
		{B9B69DF6-1BA7-47B1-B3C3-2115C9B228C9}.Release|Any CPU.ActiveCfg = Release|Any CPU
		{B9B69DF6-1BA7-47B1-B3C3-2115C9B228C9}.Release|Any CPU.Build.0 = Release|Any CPU
		{27AACC91-E442-466D-BC10-13F3A19831F5}.Debug|Any CPU.ActiveCfg = Debug|Any CPU
		{27AACC91-E442-466D-BC10-13F3A19831F5}.Debug|Any CPU.Build.0 = Debug|Any CPU
		{27AACC91-E442-466D-BC10-13F3A19831F5}.Release|Any CPU.ActiveCfg = Release|Any CPU
		{27AACC91-E442-466D-BC10-13F3A19831F5}.Release|Any CPU.Build.0 = Release|Any CPU
		{34A78AC4-CD96-4C91-B832-0BA40A9DC3AE}.Debug|Any CPU.ActiveCfg = Debug|Any CPU
		{34A78AC4-CD96-4C91-B832-0BA40A9DC3AE}.Debug|Any CPU.Build.0 = Debug|Any CPU
		{34A78AC4-CD96-4C91-B832-0BA40A9DC3AE}.Release|Any CPU.ActiveCfg = Release|Any CPU
		{34A78AC4-CD96-4C91-B832-0BA40A9DC3AE}.Release|Any CPU.Build.0 = Release|Any CPU
	EndGlobalSection
	GlobalSection(SolutionProperties) = preSolution
		HideSolutionNode = FALSE
	EndGlobalSection
	GlobalSection(ExtensibilityGlobals) = postSolution
		SolutionGuid = {11508B55-83BD-476D-B367-58485282E633}
	EndGlobalSection
EndGlobal
