
Microsoft Visual Studio Solution File, Format Version 12.00
# Visual Studio Version 16
VisualStudioVersion = 16.0.31129.286
MinimumVisualStudioVersion = 10.0.40219.1
Project("{9A19103F-16F7-4668-BE54-9A1E7A4F7556}") = "Hackaton_team3", "Hackaton_team3\Hackaton_team3.csproj", "{A4DE0DB1-EF29-409D-BCD6-DFB7D376889A}"
EndProject
Project("{FAE04EC0-301F-11D3-BF4B-00C04F79EFBC}") = "Hackaton_team3.Tests", "Hackaton_team3.Tests\Hackaton_team3.Tests.csproj", "{35180BFD-7A0F-46E0-ABB3-D5A8E53D8F05}"
EndProject
Global
	GlobalSection(SolutionConfigurationPlatforms) = preSolution
		Debug|Any CPU = Debug|Any CPU
		Release|Any CPU = Release|Any CPU
	EndGlobalSection
	GlobalSection(ProjectConfigurationPlatforms) = postSolution
		{A4DE0DB1-EF29-409D-BCD6-DFB7D376889A}.Debug|Any CPU.ActiveCfg = Debug|Any CPU
		{A4DE0DB1-EF29-409D-BCD6-DFB7D376889A}.Debug|Any CPU.Build.0 = Debug|Any CPU
		{A4DE0DB1-EF29-409D-BCD6-DFB7D376889A}.Release|Any CPU.ActiveCfg = Release|Any CPU
		{A4DE0DB1-EF29-409D-BCD6-DFB7D376889A}.Release|Any CPU.Build.0 = Release|Any CPU
		{35180BFD-7A0F-46E0-ABB3-D5A8E53D8F05}.Debug|Any CPU.ActiveCfg = Debug|Any CPU
		{35180BFD-7A0F-46E0-ABB3-D5A8E53D8F05}.Debug|Any CPU.Build.0 = Debug|Any CPU
		{35180BFD-7A0F-46E0-ABB3-D5A8E53D8F05}.Release|Any CPU.ActiveCfg = Release|Any CPU
		{35180BFD-7A0F-46E0-ABB3-D5A8E53D8F05}.Release|Any CPU.Build.0 = Release|Any CPU
	EndGlobalSection
	GlobalSection(SolutionProperties) = preSolution
		HideSolutionNode = FALSE
	EndGlobalSection
	GlobalSection(ExtensibilityGlobals) = postSolution
		SolutionGuid = {C3B96F9D-D4E3-45BE-9DCD-0C3E4EE91755}
	EndGlobalSection
EndGlobal
